
Microsoft Visual Studio Solution File, Format Version 12.00
# Visual Studio Version 17
VisualStudioVersion = 17.8.34330.188
MinimumVisualStudioVersion = 10.0.40219.1
Project("{8BC9CEB8-8B4A-11D0-8D11-00A0C91BC942}") = "C01_Intro", "C01_Intro\Ex01_Intro.vcxproj", "{12F721A9-6C17-4C17-87EE-71CB0309A4FF}"
EndProject
Project("{8BC9CEB8-8B4A-11D0-8D11-00A0C91BC942}") = "C02_Base", "C02_Base\C02_Base.vcxproj", "{07BE6BAB-7944-467F-8FAF-4109A9250808}"
EndProject
Project("{8BC9CEB8-8B4A-11D0-8D11-00A0C91BC942}") = "C02_Pipeline", "C02_Pipeline\C02_Pipeline.vcxproj", "{E42E33E6-99E3-42E7-B2AB-722C6B9EBB1E}"
EndProject
Project("{8BC9CEB8-8B4A-11D0-8D11-00A0C91BC942}") = "C03_Transformations", "C03_Transformations\C03_Transformations.vcxproj", "{D82D218F-8464-41BB-87DD-D35AC6A87477}"
EndProject
Project("{8BC9CEB8-8B4A-11D0-8D11-00A0C91BC942}") = "C04_Textures", "C04_Textures\C04_Textures.vcxproj", "{4E383E6C-5884-4B2D-B055-28584BC984D3}"
EndProject
Project("{8BC9CEB8-8B4A-11D0-8D11-00A0C91BC942}") = "C05_CalculsTampons", "C05_CalculsTampons\C05_CalculsTampons.vcxproj", "{D04C951E-194A-488D-B5FB-8D6F06485D86}"
EndProject
Project("{8BC9CEB8-8B4A-11D0-8D11-00A0C91BC942}") = "C05_OpsFragments", "C05_OpsFragments\C05_OpsFragments.vcxproj", "{BC566EC7-C9B5-407A-9F47-E498ED523349}"
EndProject
Project("{8BC9CEB8-8B4A-11D0-8D11-00A0C91BC942}") = "C08_Geometrie", "C08_Geometrie\C08_Geometrie.vcxproj", "{B4546A3B-153A-4B9B-B4C0-2148A474F44C}"
EndProject
Project("{8BC9CEB8-8B4A-11D0-8D11-00A0C91BC942}") = "C08_Tessellation", "C08_Tessellation\C08_Tessellation.vcxproj", "{D307BA6B-4AD9-4F49-B6EE-D93A751BB5EC}"
EndProject
Project("{8BC9CEB8-8B4A-11D0-8D11-00A0C91BC942}") = "C09_Retroaction_TexRendu", "C09_Retroaction_TexRendu\C09_Retroaction_TexRendu.vcxproj", "{B7B33B2E-9287-46C4-9FEC-E12E0276EA3A}"
EndProject
Project("{8BC9CEB8-8B4A-11D0-8D11-00A0C91BC942}") = "C09_Retroaction_VBO", "C09_Retroaction_VBO\C09_Retroaction_VBO.vcxproj", "{5FB16B60-179F-4B38-9078-7E3D4A2C573E}"
EndProject
Project("{8BC9CEB8-8B4A-11D0-8D11-00A0C91BC942}") = "Extra_SelectionCouleur", "Extra_SelectionCouleur\Extra_SelectionCouleur.vcxproj", "{88CA3032-7F92-4420-BAFC-D33B3847D7F8}"
EndProject
Project("{8BC9CEB8-8B4A-11D0-8D11-00A0C91BC942}") = "Extra_Illumination_Calculs", "Extra_Illumination_Calculs\C07_Illumination_Calculs.vcxproj", "{7FD07506-25EC-4E69-8301-D4A6954C304A}"
EndProject
Project("{8BC9CEB8-8B4A-11D0-8D11-00A0C91BC942}") = "C05_Stencil", "C05_Stencil\C05_Stencil.vcxproj", "{3A454C98-7100-415D-943C-E13A17A7627C}"
EndProject
Project("{8BC9CEB8-8B4A-11D0-8D11-00A0C91BC942}") = "C05_Stencil_Miroir", "C05_Stencil_Miroir\C05_Stencil_Miroir.vcxproj", "{013CC645-F0A5-480C-8C8F-271683B6341B}"
EndProject
Project("{8BC9CEB8-8B4A-11D0-8D11-00A0C91BC942}") = "C06_Illumination", "C06_Illumination\C06_Illumination.vcxproj", "{EFE1483F-4D44-4DD3-99B3-F7591CF4E7B1}"
EndProject
Project("{8BC9CEB8-8B4A-11D0-8D11-00A0C91BC942}") = "Extra_AlgosTramage", "Extra_AlgosTramage\Extra_AlgosTramage.vcxproj", "{621DFDF2-8E73-41EA-8323-CE16F491E1DC}"
EndProject
Global
	GlobalSection(SolutionConfigurationPlatforms) = preSolution
		Debug|x64 = Debug|x64
		Debug|x86 = Debug|x86
		Release|x64 = Release|x64
		Release|x86 = Release|x86
	EndGlobalSection
	GlobalSection(ProjectConfigurationPlatforms) = postSolution
		{12F721A9-6C17-4C17-87EE-71CB0309A4FF}.Debug|x64.ActiveCfg = Debug|x64
		{12F721A9-6C17-4C17-87EE-71CB0309A4FF}.Debug|x64.Build.0 = Debug|x64
		{12F721A9-6C17-4C17-87EE-71CB0309A4FF}.Debug|x86.ActiveCfg = Debug|Win32
		{12F721A9-6C17-4C17-87EE-71CB0309A4FF}.Debug|x86.Build.0 = Debug|Win32
		{12F721A9-6C17-4C17-87EE-71CB0309A4FF}.Release|x64.ActiveCfg = Release|x64
		{12F721A9-6C17-4C17-87EE-71CB0309A4FF}.Release|x64.Build.0 = Release|x64
		{12F721A9-6C17-4C17-87EE-71CB0309A4FF}.Release|x86.ActiveCfg = Release|Win32
		{12F721A9-6C17-4C17-87EE-71CB0309A4FF}.Release|x86.Build.0 = Release|Win32
		{07BE6BAB-7944-467F-8FAF-4109A9250808}.Debug|x64.ActiveCfg = Debug|x64
		{07BE6BAB-7944-467F-8FAF-4109A9250808}.Debug|x64.Build.0 = Debug|x64
		{07BE6BAB-7944-467F-8FAF-4109A9250808}.Debug|x86.ActiveCfg = Debug|Win32
		{07BE6BAB-7944-467F-8FAF-4109A9250808}.Debug|x86.Build.0 = Debug|Win32
		{07BE6BAB-7944-467F-8FAF-4109A9250808}.Release|x64.ActiveCfg = Release|x64
		{07BE6BAB-7944-467F-8FAF-4109A9250808}.Release|x64.Build.0 = Release|x64
		{07BE6BAB-7944-467F-8FAF-4109A9250808}.Release|x86.ActiveCfg = Release|Win32
		{07BE6BAB-7944-467F-8FAF-4109A9250808}.Release|x86.Build.0 = Release|Win32
		{E42E33E6-99E3-42E7-B2AB-722C6B9EBB1E}.Debug|x64.ActiveCfg = Debug|x64
		{E42E33E6-99E3-42E7-B2AB-722C6B9EBB1E}.Debug|x64.Build.0 = Debug|x64
		{E42E33E6-99E3-42E7-B2AB-722C6B9EBB1E}.Debug|x86.ActiveCfg = Debug|Win32
		{E42E33E6-99E3-42E7-B2AB-722C6B9EBB1E}.Debug|x86.Build.0 = Debug|Win32
		{E42E33E6-99E3-42E7-B2AB-722C6B9EBB1E}.Release|x64.ActiveCfg = Release|x64
		{E42E33E6-99E3-42E7-B2AB-722C6B9EBB1E}.Release|x64.Build.0 = Release|x64
		{E42E33E6-99E3-42E7-B2AB-722C6B9EBB1E}.Release|x86.ActiveCfg = Release|Win32
		{E42E33E6-99E3-42E7-B2AB-722C6B9EBB1E}.Release|x86.Build.0 = Release|Win32
		{D82D218F-8464-41BB-87DD-D35AC6A87477}.Debug|x64.ActiveCfg = Debug|x64
		{D82D218F-8464-41BB-87DD-D35AC6A87477}.Debug|x64.Build.0 = Debug|x64
		{D82D218F-8464-41BB-87DD-D35AC6A87477}.Debug|x86.ActiveCfg = Debug|Win32
		{D82D218F-8464-41BB-87DD-D35AC6A87477}.Debug|x86.Build.0 = Debug|Win32
		{D82D218F-8464-41BB-87DD-D35AC6A87477}.Release|x64.ActiveCfg = Release|x64
		{D82D218F-8464-41BB-87DD-D35AC6A87477}.Release|x64.Build.0 = Release|x64
		{D82D218F-8464-41BB-87DD-D35AC6A87477}.Release|x86.ActiveCfg = Release|Win32
		{D82D218F-8464-41BB-87DD-D35AC6A87477}.Release|x86.Build.0 = Release|Win32
		{4E383E6C-5884-4B2D-B055-28584BC984D3}.Debug|x64.ActiveCfg = Debug|x64
		{4E383E6C-5884-4B2D-B055-28584BC984D3}.Debug|x64.Build.0 = Debug|x64
		{4E383E6C-5884-4B2D-B055-28584BC984D3}.Debug|x86.ActiveCfg = Debug|Win32
		{4E383E6C-5884-4B2D-B055-28584BC984D3}.Debug|x86.Build.0 = Debug|Win32
		{4E383E6C-5884-4B2D-B055-28584BC984D3}.Release|x64.ActiveCfg = Release|x64
		{4E383E6C-5884-4B2D-B055-28584BC984D3}.Release|x64.Build.0 = Release|x64
		{4E383E6C-5884-4B2D-B055-28584BC984D3}.Release|x86.ActiveCfg = Release|Win32
		{4E383E6C-5884-4B2D-B055-28584BC984D3}.Release|x86.Build.0 = Release|Win32
		{D04C951E-194A-488D-B5FB-8D6F06485D86}.Debug|x64.ActiveCfg = Debug|x64
		{D04C951E-194A-488D-B5FB-8D6F06485D86}.Debug|x64.Build.0 = Debug|x64
		{D04C951E-194A-488D-B5FB-8D6F06485D86}.Debug|x86.ActiveCfg = Debug|Win32
		{D04C951E-194A-488D-B5FB-8D6F06485D86}.Debug|x86.Build.0 = Debug|Win32
		{D04C951E-194A-488D-B5FB-8D6F06485D86}.Release|x64.ActiveCfg = Release|x64
		{D04C951E-194A-488D-B5FB-8D6F06485D86}.Release|x64.Build.0 = Release|x64
		{D04C951E-194A-488D-B5FB-8D6F06485D86}.Release|x86.ActiveCfg = Release|Win32
		{D04C951E-194A-488D-B5FB-8D6F06485D86}.Release|x86.Build.0 = Release|Win32
		{BC566EC7-C9B5-407A-9F47-E498ED523349}.Debug|x64.ActiveCfg = Debug|x64
		{BC566EC7-C9B5-407A-9F47-E498ED523349}.Debug|x64.Build.0 = Debug|x64
		{BC566EC7-C9B5-407A-9F47-E498ED523349}.Debug|x86.ActiveCfg = Debug|Win32
		{BC566EC7-C9B5-407A-9F47-E498ED523349}.Debug|x86.Build.0 = Debug|Win32
		{BC566EC7-C9B5-407A-9F47-E498ED523349}.Release|x64.ActiveCfg = Release|x64
		{BC566EC7-C9B5-407A-9F47-E498ED523349}.Release|x64.Build.0 = Release|x64
		{BC566EC7-C9B5-407A-9F47-E498ED523349}.Release|x86.ActiveCfg = Release|Win32
		{BC566EC7-C9B5-407A-9F47-E498ED523349}.Release|x86.Build.0 = Release|Win32
		{B4546A3B-153A-4B9B-B4C0-2148A474F44C}.Debug|x64.ActiveCfg = Debug|x64
		{B4546A3B-153A-4B9B-B4C0-2148A474F44C}.Debug|x64.Build.0 = Debug|x64
		{B4546A3B-153A-4B9B-B4C0-2148A474F44C}.Debug|x86.ActiveCfg = Debug|Win32
		{B4546A3B-153A-4B9B-B4C0-2148A474F44C}.Debug|x86.Build.0 = Debug|Win32
		{B4546A3B-153A-4B9B-B4C0-2148A474F44C}.Release|x64.ActiveCfg = Release|x64
		{B4546A3B-153A-4B9B-B4C0-2148A474F44C}.Release|x64.Build.0 = Release|x64
		{B4546A3B-153A-4B9B-B4C0-2148A474F44C}.Release|x86.ActiveCfg = Release|Win32
		{B4546A3B-153A-4B9B-B4C0-2148A474F44C}.Release|x86.Build.0 = Release|Win32
		{D307BA6B-4AD9-4F49-B6EE-D93A751BB5EC}.Debug|x64.ActiveCfg = Debug|x64
		{D307BA6B-4AD9-4F49-B6EE-D93A751BB5EC}.Debug|x64.Build.0 = Debug|x64
		{D307BA6B-4AD9-4F49-B6EE-D93A751BB5EC}.Debug|x86.ActiveCfg = Debug|Win32
		{D307BA6B-4AD9-4F49-B6EE-D93A751BB5EC}.Debug|x86.Build.0 = Debug|Win32
		{D307BA6B-4AD9-4F49-B6EE-D93A751BB5EC}.Release|x64.ActiveCfg = Release|x64
		{D307BA6B-4AD9-4F49-B6EE-D93A751BB5EC}.Release|x64.Build.0 = Release|x64
		{D307BA6B-4AD9-4F49-B6EE-D93A751BB5EC}.Release|x86.ActiveCfg = Release|Win32
		{D307BA6B-4AD9-4F49-B6EE-D93A751BB5EC}.Release|x86.Build.0 = Release|Win32
		{B7B33B2E-9287-46C4-9FEC-E12E0276EA3A}.Debug|x64.ActiveCfg = Debug|x64
		{B7B33B2E-9287-46C4-9FEC-E12E0276EA3A}.Debug|x64.Build.0 = Debug|x64
		{B7B33B2E-9287-46C4-9FEC-E12E0276EA3A}.Debug|x86.ActiveCfg = Debug|Win32
		{B7B33B2E-9287-46C4-9FEC-E12E0276EA3A}.Debug|x86.Build.0 = Debug|Win32
		{B7B33B2E-9287-46C4-9FEC-E12E0276EA3A}.Release|x64.ActiveCfg = Release|x64
		{B7B33B2E-9287-46C4-9FEC-E12E0276EA3A}.Release|x64.Build.0 = Release|x64
		{B7B33B2E-9287-46C4-9FEC-E12E0276EA3A}.Release|x86.ActiveCfg = Release|Win32
		{B7B33B2E-9287-46C4-9FEC-E12E0276EA3A}.Release|x86.Build.0 = Release|Win32
		{5FB16B60-179F-4B38-9078-7E3D4A2C573E}.Debug|x64.ActiveCfg = Debug|x64
		{5FB16B60-179F-4B38-9078-7E3D4A2C573E}.Debug|x64.Build.0 = Debug|x64
		{5FB16B60-179F-4B38-9078-7E3D4A2C573E}.Debug|x86.ActiveCfg = Debug|Win32
		{5FB16B60-179F-4B38-9078-7E3D4A2C573E}.Debug|x86.Build.0 = Debug|Win32
		{5FB16B60-179F-4B38-9078-7E3D4A2C573E}.Release|x64.ActiveCfg = Release|x64
		{5FB16B60-179F-4B38-9078-7E3D4A2C573E}.Release|x64.Build.0 = Release|x64
		{5FB16B60-179F-4B38-9078-7E3D4A2C573E}.Release|x86.ActiveCfg = Release|Win32
		{5FB16B60-179F-4B38-9078-7E3D4A2C573E}.Release|x86.Build.0 = Release|Win32
		{88CA3032-7F92-4420-BAFC-D33B3847D7F8}.Debug|x64.ActiveCfg = Debug|x64
		{88CA3032-7F92-4420-BAFC-D33B3847D7F8}.Debug|x64.Build.0 = Debug|x64
		{88CA3032-7F92-4420-BAFC-D33B3847D7F8}.Debug|x86.ActiveCfg = Debug|Win32
		{88CA3032-7F92-4420-BAFC-D33B3847D7F8}.Debug|x86.Build.0 = Debug|Win32
		{88CA3032-7F92-4420-BAFC-D33B3847D7F8}.Release|x64.ActiveCfg = Release|x64
		{88CA3032-7F92-4420-BAFC-D33B3847D7F8}.Release|x64.Build.0 = Release|x64
		{88CA3032-7F92-4420-BAFC-D33B3847D7F8}.Release|x86.ActiveCfg = Release|Win32
		{88CA3032-7F92-4420-BAFC-D33B3847D7F8}.Release|x86.Build.0 = Release|Win32
		{7FD07506-25EC-4E69-8301-D4A6954C304A}.Debug|x64.ActiveCfg = Debug|x64
		{7FD07506-25EC-4E69-8301-D4A6954C304A}.Debug|x64.Build.0 = Debug|x64
		{7FD07506-25EC-4E69-8301-D4A6954C304A}.Debug|x86.ActiveCfg = Debug|Win32
		{7FD07506-25EC-4E69-8301-D4A6954C304A}.Debug|x86.Build.0 = Debug|Win32
		{7FD07506-25EC-4E69-8301-D4A6954C304A}.Release|x64.ActiveCfg = Release|x64
		{7FD07506-25EC-4E69-8301-D4A6954C304A}.Release|x64.Build.0 = Release|x64
		{7FD07506-25EC-4E69-8301-D4A6954C304A}.Release|x86.ActiveCfg = Release|Win32
		{7FD07506-25EC-4E69-8301-D4A6954C304A}.Release|x86.Build.0 = Release|Win32
		{3A454C98-7100-415D-943C-E13A17A7627C}.Debug|x64.ActiveCfg = Debug|x64
		{3A454C98-7100-415D-943C-E13A17A7627C}.Debug|x64.Build.0 = Debug|x64
		{3A454C98-7100-415D-943C-E13A17A7627C}.Debug|x86.ActiveCfg = Debug|Win32
		{3A454C98-7100-415D-943C-E13A17A7627C}.Debug|x86.Build.0 = Debug|Win32
		{3A454C98-7100-415D-943C-E13A17A7627C}.Release|x64.ActiveCfg = Release|x64
		{3A454C98-7100-415D-943C-E13A17A7627C}.Release|x64.Build.0 = Release|x64
		{3A454C98-7100-415D-943C-E13A17A7627C}.Release|x86.ActiveCfg = Release|Win32
		{3A454C98-7100-415D-943C-E13A17A7627C}.Release|x86.Build.0 = Release|Win32
		{013CC645-F0A5-480C-8C8F-271683B6341B}.Debug|x64.ActiveCfg = Debug|x64
		{013CC645-F0A5-480C-8C8F-271683B6341B}.Debug|x64.Build.0 = Debug|x64
		{013CC645-F0A5-480C-8C8F-271683B6341B}.Debug|x86.ActiveCfg = Debug|Win32
		{013CC645-F0A5-480C-8C8F-271683B6341B}.Debug|x86.Build.0 = Debug|Win32
		{013CC645-F0A5-480C-8C8F-271683B6341B}.Release|x64.ActiveCfg = Release|x64
		{013CC645-F0A5-480C-8C8F-271683B6341B}.Release|x64.Build.0 = Release|x64
		{013CC645-F0A5-480C-8C8F-271683B6341B}.Release|x86.ActiveCfg = Release|Win32
		{013CC645-F0A5-480C-8C8F-271683B6341B}.Release|x86.Build.0 = Release|Win32
		{EFE1483F-4D44-4DD3-99B3-F7591CF4E7B1}.Debug|x64.ActiveCfg = Debug|x64
		{EFE1483F-4D44-4DD3-99B3-F7591CF4E7B1}.Debug|x64.Build.0 = Debug|x64
		{EFE1483F-4D44-4DD3-99B3-F7591CF4E7B1}.Debug|x86.ActiveCfg = Debug|Win32
		{EFE1483F-4D44-4DD3-99B3-F7591CF4E7B1}.Debug|x86.Build.0 = Debug|Win32
		{EFE1483F-4D44-4DD3-99B3-F7591CF4E7B1}.Release|x64.ActiveCfg = Release|x64
		{EFE1483F-4D44-4DD3-99B3-F7591CF4E7B1}.Release|x64.Build.0 = Release|x64
		{EFE1483F-4D44-4DD3-99B3-F7591CF4E7B1}.Release|x86.ActiveCfg = Release|Win32
		{EFE1483F-4D44-4DD3-99B3-F7591CF4E7B1}.Release|x86.Build.0 = Release|Win32
		{621DFDF2-8E73-41EA-8323-CE16F491E1DC}.Debug|x64.ActiveCfg = Debug|x64
		{621DFDF2-8E73-41EA-8323-CE16F491E1DC}.Debug|x64.Build.0 = Debug|x64
		{621DFDF2-8E73-41EA-8323-CE16F491E1DC}.Debug|x86.ActiveCfg = Debug|Win32
		{621DFDF2-8E73-41EA-8323-CE16F491E1DC}.Debug|x86.Build.0 = Debug|Win32
		{621DFDF2-8E73-41EA-8323-CE16F491E1DC}.Release|x64.ActiveCfg = Release|x64
		{621DFDF2-8E73-41EA-8323-CE16F491E1DC}.Release|x64.Build.0 = Release|x64
		{621DFDF2-8E73-41EA-8323-CE16F491E1DC}.Release|x86.ActiveCfg = Release|Win32
		{621DFDF2-8E73-41EA-8323-CE16F491E1DC}.Release|x86.Build.0 = Release|Win32
	EndGlobalSection
	GlobalSection(SolutionProperties) = preSolution
		HideSolutionNode = FALSE
	EndGlobalSection
	GlobalSection(ExtensibilityGlobals) = postSolution
		SolutionGuid = {A697F422-BC46-4F9F-8851-23675C0DCC34}
	EndGlobalSection
EndGlobal
