
Microsoft Visual Studio Solution File, Format Version 12.00
# Visual Studio Version 17
VisualStudioVersion = 17.8.34330.188
MinimumVisualStudioVersion = 10.0.40219.1
Project("{8BC9CEB8-8B4A-11D0-8D11-00A0C91BC942}") = "Ex01_Intro", "Ex01_Intro\Ex01_Intro.vcxproj", "{12F721A9-6C17-4C17-87EE-71CB0309A4FF}"
EndProject
Project("{8BC9CEB8-8B4A-11D0-8D11-00A0C91BC942}") = "Ex02_Pipeline", "Ex02_Pipeline\Ex02_Pipeline.vcxproj", "{E42E33E6-99E3-42E7-B2AB-722C6B9EBB1E}"
EndProject
Project("{8BC9CEB8-8B4A-11D0-8D11-00A0C91BC942}") = "Ex03_Transformations", "Ex03_Transformations\Ex03_Transformations.vcxproj", "{D82D218F-8464-41BB-87DD-D35AC6A87477}"
EndProject
Project("{8BC9CEB8-8B4A-11D0-8D11-00A0C91BC942}") = "Ex04_Textures", "Ex04_Textures\Ex04_Textures.vcxproj", "{4E383E6C-5884-4B2D-B055-28584BC984D3}"
EndProject
Project("{8BC9CEB8-8B4A-11D0-8D11-00A0C91BC942}") = "Ex05_OpsFragments", "Ex05_OpsFragments\Ex05_OpsFragments.vcxproj", "{BC566EC7-C9B5-407A-9F47-E498ED523349}"
EndProject
Project("{8BC9CEB8-8B4A-11D0-8D11-00A0C91BC942}") = "Ex05_Stencil", "Ex05_Stencil\Ex05_Stencil.vcxproj", "{3A454C98-7100-415D-943C-E13A17A7627C}"
EndProject
Project("{8BC9CEB8-8B4A-11D0-8D11-00A0C91BC942}") = "Ex06_SelectionCouleur", "Ex06_SelectionCouleur\Ex06_SelectionCouleur.vcxproj", "{88CA3032-7F92-4420-BAFC-D33B3847D7F8}"
EndProject
Project("{8BC9CEB8-8B4A-11D0-8D11-00A0C91BC942}") = "Ex05_Buffers", "Ex05_Buffers\Ex05_Buffers.vcxproj", "{D04C951E-194A-488D-B5FB-8D6F06485D86}"
EndProject
Global
	GlobalSection(SolutionConfigurationPlatforms) = preSolution
		Debug|x64 = Debug|x64
		Debug|x86 = Debug|x86
		Release|x64 = Release|x64
		Release|x86 = Release|x86
	EndGlobalSection
	GlobalSection(ProjectConfigurationPlatforms) = postSolution
		{12F721A9-6C17-4C17-87EE-71CB0309A4FF}.Debug|x64.ActiveCfg = Debug|x64
		{12F721A9-6C17-4C17-87EE-71CB0309A4FF}.Debug|x64.Build.0 = Debug|x64
		{12F721A9-6C17-4C17-87EE-71CB0309A4FF}.Debug|x86.ActiveCfg = Debug|Win32
		{12F721A9-6C17-4C17-87EE-71CB0309A4FF}.Debug|x86.Build.0 = Debug|Win32
		{12F721A9-6C17-4C17-87EE-71CB0309A4FF}.Release|x64.ActiveCfg = Release|x64
		{12F721A9-6C17-4C17-87EE-71CB0309A4FF}.Release|x64.Build.0 = Release|x64
		{12F721A9-6C17-4C17-87EE-71CB0309A4FF}.Release|x86.ActiveCfg = Release|Win32
		{12F721A9-6C17-4C17-87EE-71CB0309A4FF}.Release|x86.Build.0 = Release|Win32
		{E42E33E6-99E3-42E7-B2AB-722C6B9EBB1E}.Debug|x64.ActiveCfg = Debug|x64
		{E42E33E6-99E3-42E7-B2AB-722C6B9EBB1E}.Debug|x64.Build.0 = Debug|x64
		{E42E33E6-99E3-42E7-B2AB-722C6B9EBB1E}.Debug|x86.ActiveCfg = Debug|Win32
		{E42E33E6-99E3-42E7-B2AB-722C6B9EBB1E}.Debug|x86.Build.0 = Debug|Win32
		{E42E33E6-99E3-42E7-B2AB-722C6B9EBB1E}.Release|x64.ActiveCfg = Release|x64
		{E42E33E6-99E3-42E7-B2AB-722C6B9EBB1E}.Release|x64.Build.0 = Release|x64
		{E42E33E6-99E3-42E7-B2AB-722C6B9EBB1E}.Release|x86.ActiveCfg = Release|Win32
		{E42E33E6-99E3-42E7-B2AB-722C6B9EBB1E}.Release|x86.Build.0 = Release|Win32
		{D82D218F-8464-41BB-87DD-D35AC6A87477}.Debug|x64.ActiveCfg = Debug|x64
		{D82D218F-8464-41BB-87DD-D35AC6A87477}.Debug|x64.Build.0 = Debug|x64
		{D82D218F-8464-41BB-87DD-D35AC6A87477}.Debug|x86.ActiveCfg = Debug|Win32
		{D82D218F-8464-41BB-87DD-D35AC6A87477}.Debug|x86.Build.0 = Debug|Win32
		{D82D218F-8464-41BB-87DD-D35AC6A87477}.Release|x64.ActiveCfg = Release|x64
		{D82D218F-8464-41BB-87DD-D35AC6A87477}.Release|x64.Build.0 = Release|x64
		{D82D218F-8464-41BB-87DD-D35AC6A87477}.Release|x86.ActiveCfg = Release|Win32
		{D82D218F-8464-41BB-87DD-D35AC6A87477}.Release|x86.Build.0 = Release|Win32
		{4E383E6C-5884-4B2D-B055-28584BC984D3}.Debug|x64.ActiveCfg = Debug|x64
		{4E383E6C-5884-4B2D-B055-28584BC984D3}.Debug|x64.Build.0 = Debug|x64
		{4E383E6C-5884-4B2D-B055-28584BC984D3}.Debug|x86.ActiveCfg = Debug|Win32
		{4E383E6C-5884-4B2D-B055-28584BC984D3}.Debug|x86.Build.0 = Debug|Win32
		{4E383E6C-5884-4B2D-B055-28584BC984D3}.Release|x64.ActiveCfg = Release|x64
		{4E383E6C-5884-4B2D-B055-28584BC984D3}.Release|x64.Build.0 = Release|x64
		{4E383E6C-5884-4B2D-B055-28584BC984D3}.Release|x86.ActiveCfg = Release|Win32
		{4E383E6C-5884-4B2D-B055-28584BC984D3}.Release|x86.Build.0 = Release|Win32
		{BC566EC7-C9B5-407A-9F47-E498ED523349}.Debug|x64.ActiveCfg = Debug|x64
		{BC566EC7-C9B5-407A-9F47-E498ED523349}.Debug|x64.Build.0 = Debug|x64
		{BC566EC7-C9B5-407A-9F47-E498ED523349}.Debug|x86.ActiveCfg = Debug|Win32
		{BC566EC7-C9B5-407A-9F47-E498ED523349}.Debug|x86.Build.0 = Debug|Win32
		{BC566EC7-C9B5-407A-9F47-E498ED523349}.Release|x64.ActiveCfg = Release|x64
		{BC566EC7-C9B5-407A-9F47-E498ED523349}.Release|x64.Build.0 = Release|x64
		{BC566EC7-C9B5-407A-9F47-E498ED523349}.Release|x86.ActiveCfg = Release|Win32
		{BC566EC7-C9B5-407A-9F47-E498ED523349}.Release|x86.Build.0 = Release|Win32
		{3A454C98-7100-415D-943C-E13A17A7627C}.Debug|x64.ActiveCfg = Debug|x64
		{3A454C98-7100-415D-943C-E13A17A7627C}.Debug|x64.Build.0 = Debug|x64
		{3A454C98-7100-415D-943C-E13A17A7627C}.Debug|x86.ActiveCfg = Debug|Win32
		{3A454C98-7100-415D-943C-E13A17A7627C}.Debug|x86.Build.0 = Debug|Win32
		{3A454C98-7100-415D-943C-E13A17A7627C}.Release|x64.ActiveCfg = Release|x64
		{3A454C98-7100-415D-943C-E13A17A7627C}.Release|x64.Build.0 = Release|x64
		{3A454C98-7100-415D-943C-E13A17A7627C}.Release|x86.ActiveCfg = Release|Win32
		{3A454C98-7100-415D-943C-E13A17A7627C}.Release|x86.Build.0 = Release|Win32
		{88CA3032-7F92-4420-BAFC-D33B3847D7F8}.Debug|x64.ActiveCfg = Debug|x64
		{88CA3032-7F92-4420-BAFC-D33B3847D7F8}.Debug|x64.Build.0 = Debug|x64
		{88CA3032-7F92-4420-BAFC-D33B3847D7F8}.Debug|x86.ActiveCfg = Debug|Win32
		{88CA3032-7F92-4420-BAFC-D33B3847D7F8}.Debug|x86.Build.0 = Debug|Win32
		{88CA3032-7F92-4420-BAFC-D33B3847D7F8}.Release|x64.ActiveCfg = Release|x64
		{88CA3032-7F92-4420-BAFC-D33B3847D7F8}.Release|x64.Build.0 = Release|x64
		{88CA3032-7F92-4420-BAFC-D33B3847D7F8}.Release|x86.ActiveCfg = Release|Win32
		{88CA3032-7F92-4420-BAFC-D33B3847D7F8}.Release|x86.Build.0 = Release|Win32
		{D04C951E-194A-488D-B5FB-8D6F06485D86}.Debug|x64.ActiveCfg = Debug|x64
		{D04C951E-194A-488D-B5FB-8D6F06485D86}.Debug|x64.Build.0 = Debug|x64
		{D04C951E-194A-488D-B5FB-8D6F06485D86}.Debug|x86.ActiveCfg = Debug|Win32
		{D04C951E-194A-488D-B5FB-8D6F06485D86}.Debug|x86.Build.0 = Debug|Win32
		{D04C951E-194A-488D-B5FB-8D6F06485D86}.Release|x64.ActiveCfg = Release|x64
		{D04C951E-194A-488D-B5FB-8D6F06485D86}.Release|x64.Build.0 = Release|x64
		{D04C951E-194A-488D-B5FB-8D6F06485D86}.Release|x86.ActiveCfg = Release|Win32
		{D04C951E-194A-488D-B5FB-8D6F06485D86}.Release|x86.Build.0 = Release|Win32
	EndGlobalSection
	GlobalSection(SolutionProperties) = preSolution
		HideSolutionNode = FALSE
	EndGlobalSection
	GlobalSection(ExtensibilityGlobals) = postSolution
		SolutionGuid = {A697F422-BC46-4F9F-8851-23675C0DCC34}
	EndGlobalSection
EndGlobal
